
Microsoft Visual Studio Solution File, Format Version 12.00
# Visual Studio Version 16
VisualStudioVersion = 16.0.30011.22
MinimumVisualStudioVersion = 10.0.40219.1
Project("{FAE04EC0-301F-11D3-BF4B-00C04F79EFBC}") = "PulsacionBD", "PulsacionBD\PulsacionBD.csproj", "{B4A6532D-ACCA-4071-8490-9C739591DEA6}"
EndProject
Project("{FAE04EC0-301F-11D3-BF4B-00C04F79EFBC}") = "BLL", "BLL\BLL.csproj", "{0DD4C50A-D8AE-4A82-8D0E-53186A437FA8}"
EndProject
Project("{FAE04EC0-301F-11D3-BF4B-00C04F79EFBC}") = "DAL", "DAL\DAL.csproj", "{D0E5783F-6E2D-4F76-A719-B29AFDFAB944}"
EndProject
Project("{FAE04EC0-301F-11D3-BF4B-00C04F79EFBC}") = "Entity", "Entity\Entity.csproj", "{A5941B65-5404-4239-A365-2496A5270C70}"
EndProject
Global
	GlobalSection(SolutionConfigurationPlatforms) = preSolution
		Debug|Any CPU = Debug|Any CPU
		Release|Any CPU = Release|Any CPU
	EndGlobalSection
	GlobalSection(ProjectConfigurationPlatforms) = postSolution
		{B4A6532D-ACCA-4071-8490-9C739591DEA6}.Debug|Any CPU.ActiveCfg = Debug|Any CPU
		{B4A6532D-ACCA-4071-8490-9C739591DEA6}.Debug|Any CPU.Build.0 = Debug|Any CPU
		{B4A6532D-ACCA-4071-8490-9C739591DEA6}.Release|Any CPU.ActiveCfg = Release|Any CPU
		{B4A6532D-ACCA-4071-8490-9C739591DEA6}.Release|Any CPU.Build.0 = Release|Any CPU
		{0DD4C50A-D8AE-4A82-8D0E-53186A437FA8}.Debug|Any CPU.ActiveCfg = Debug|Any CPU
		{0DD4C50A-D8AE-4A82-8D0E-53186A437FA8}.Debug|Any CPU.Build.0 = Debug|Any CPU
		{0DD4C50A-D8AE-4A82-8D0E-53186A437FA8}.Release|Any CPU.ActiveCfg = Release|Any CPU
		{0DD4C50A-D8AE-4A82-8D0E-53186A437FA8}.Release|Any CPU.Build.0 = Release|Any CPU
		{D0E5783F-6E2D-4F76-A719-B29AFDFAB944}.Debug|Any CPU.ActiveCfg = Debug|Any CPU
		{D0E5783F-6E2D-4F76-A719-B29AFDFAB944}.Debug|Any CPU.Build.0 = Debug|Any CPU
		{D0E5783F-6E2D-4F76-A719-B29AFDFAB944}.Release|Any CPU.ActiveCfg = Release|Any CPU
		{D0E5783F-6E2D-4F76-A719-B29AFDFAB944}.Release|Any CPU.Build.0 = Release|Any CPU
		{A5941B65-5404-4239-A365-2496A5270C70}.Debug|Any CPU.ActiveCfg = Debug|Any CPU
		{A5941B65-5404-4239-A365-2496A5270C70}.Debug|Any CPU.Build.0 = Debug|Any CPU
		{A5941B65-5404-4239-A365-2496A5270C70}.Release|Any CPU.ActiveCfg = Release|Any CPU
		{A5941B65-5404-4239-A365-2496A5270C70}.Release|Any CPU.Build.0 = Release|Any CPU
	EndGlobalSection
	GlobalSection(SolutionProperties) = preSolution
		HideSolutionNode = FALSE
	EndGlobalSection
	GlobalSection(ExtensibilityGlobals) = postSolution
		SolutionGuid = {80BE0205-5C28-4B22-8D62-AE55A2A8FA3B}
	EndGlobalSection
EndGlobal
